
Microsoft Visual Studio Solution File, Format Version 12.00
# Visual Studio Version 17
VisualStudioVersion = 17.0.31903.59
MinimumVisualStudioVersion = 10.0.40219.1
Project("{FAE04EC0-301F-11D3-BF4B-00C04F79EFBC}") = "MovieNight.AppHost", "MovieNight.AppHost\MovieNight.AppHost.csproj", "{19074C36-FDB6-4356-B87D-3017395C2787}"
EndProject
Project("{FAE04EC0-301F-11D3-BF4B-00C04F79EFBC}") = "MovieNight.ServiceDefaults", "MovieNight.ServiceDefaults\MovieNight.ServiceDefaults.csproj", "{41BF41C6-B6F9-4772-8EDF-EF5ED1131F37}"
EndProject
Project("{FAE04EC0-301F-11D3-BF4B-00C04F79EFBC}") = "MovieNight.ApiService", "MovieNight.ApiService\MovieNight.ApiService.csproj", "{91A9E552-BB9E-469E-B9CE-68B4D7EF0579}"
EndProject
Project("{FAE04EC0-301F-11D3-BF4B-00C04F79EFBC}") = "MovieNight.Web", "MovieNight.Web\MovieNight.Web.csproj", "{DE2F7DEF-655C-4EA1-A8BD-42049295E24C}"
EndProject
Global
	GlobalSection(SolutionConfigurationPlatforms) = preSolution
		Debug|Any CPU = Debug|Any CPU
		Release|Any CPU = Release|Any CPU
	EndGlobalSection
	GlobalSection(SolutionProperties) = preSolution
		HideSolutionNode = FALSE
	EndGlobalSection
	GlobalSection(ProjectConfigurationPlatforms) = postSolution
		{19074C36-FDB6-4356-B87D-3017395C2787}.Debug|Any CPU.ActiveCfg = Debug|Any CPU
		{19074C36-FDB6-4356-B87D-3017395C2787}.Debug|Any CPU.Build.0 = Debug|Any CPU
		{19074C36-FDB6-4356-B87D-3017395C2787}.Release|Any CPU.ActiveCfg = Release|Any CPU
		{19074C36-FDB6-4356-B87D-3017395C2787}.Release|Any CPU.Build.0 = Release|Any CPU
		{41BF41C6-B6F9-4772-8EDF-EF5ED1131F37}.Debug|Any CPU.ActiveCfg = Debug|Any CPU
		{41BF41C6-B6F9-4772-8EDF-EF5ED1131F37}.Debug|Any CPU.Build.0 = Debug|Any CPU
		{41BF41C6-B6F9-4772-8EDF-EF5ED1131F37}.Release|Any CPU.ActiveCfg = Release|Any CPU
		{41BF41C6-B6F9-4772-8EDF-EF5ED1131F37}.Release|Any CPU.Build.0 = Release|Any CPU
		{91A9E552-BB9E-469E-B9CE-68B4D7EF0579}.Debug|Any CPU.ActiveCfg = Debug|Any CPU
		{91A9E552-BB9E-469E-B9CE-68B4D7EF0579}.Debug|Any CPU.Build.0 = Debug|Any CPU
		{91A9E552-BB9E-469E-B9CE-68B4D7EF0579}.Release|Any CPU.ActiveCfg = Release|Any CPU
		{91A9E552-BB9E-469E-B9CE-68B4D7EF0579}.Release|Any CPU.Build.0 = Release|Any CPU
		{DE2F7DEF-655C-4EA1-A8BD-42049295E24C}.Debug|Any CPU.ActiveCfg = Debug|Any CPU
		{DE2F7DEF-655C-4EA1-A8BD-42049295E24C}.Debug|Any CPU.Build.0 = Debug|Any CPU
		{DE2F7DEF-655C-4EA1-A8BD-42049295E24C}.Release|Any CPU.ActiveCfg = Release|Any CPU
		{DE2F7DEF-655C-4EA1-A8BD-42049295E24C}.Release|Any CPU.Build.0 = Release|Any CPU
	EndGlobalSection
EndGlobal
